
Microsoft Visual Studio Solution File, Format Version 12.00
# Visual Studio Version 17
VisualStudioVersion = 17.10.34916.146
MinimumVisualStudioVersion = 10.0.40219.1
Project("{9A19103F-16F7-4668-BE54-9A1E7A4F7556}") = "HomeBudget.Domain", "HomeBudget.Domain\HomeBudget.Domain.csproj", "{D21BEE44-FCC9-45BC-B15F-A0F77F0CC948}"
EndProject
Project("{9A19103F-16F7-4668-BE54-9A1E7A4F7556}") = "HomeBudget.Application", "HomeBudget.Application\HomeBudget.Application.csproj", "{B4475401-C0A5-498D-8C29-61E452E5683E}"
	ProjectSection(ProjectDependencies) = postProject
		{D21BEE44-FCC9-45BC-B15F-A0F77F0CC948} = {D21BEE44-FCC9-45BC-B15F-A0F77F0CC948}
	EndProjectSection
EndProject
Project("{9A19103F-16F7-4668-BE54-9A1E7A4F7556}") = "HomeBudget.Infrastructure", "HomeBudget.Infrastructure\HomeBudget.Infrastructure.csproj", "{0F60DCCD-EB7B-4A1D-A08D-29BB11F4B6D0}"
EndProject
Project("{9A19103F-16F7-4668-BE54-9A1E7A4F7556}") = "HomeBudget.WebApi", "HomeBudget.WebApi\HomeBudget.WebApi.csproj", "{82CCFD6E-7E4F-47DA-A079-7EE996B03EA2}"
EndProject
Global
	GlobalSection(SolutionConfigurationPlatforms) = preSolution
		Debug|Any CPU = Debug|Any CPU
		Release|Any CPU = Release|Any CPU
	EndGlobalSection
	GlobalSection(ProjectConfigurationPlatforms) = postSolution
		{D21BEE44-FCC9-45BC-B15F-A0F77F0CC948}.Debug|Any CPU.ActiveCfg = Debug|Any CPU
		{D21BEE44-FCC9-45BC-B15F-A0F77F0CC948}.Debug|Any CPU.Build.0 = Debug|Any CPU
		{D21BEE44-FCC9-45BC-B15F-A0F77F0CC948}.Release|Any CPU.ActiveCfg = Release|Any CPU
		{D21BEE44-FCC9-45BC-B15F-A0F77F0CC948}.Release|Any CPU.Build.0 = Release|Any CPU
		{B4475401-C0A5-498D-8C29-61E452E5683E}.Debug|Any CPU.ActiveCfg = Debug|Any CPU
		{B4475401-C0A5-498D-8C29-61E452E5683E}.Debug|Any CPU.Build.0 = Debug|Any CPU
		{B4475401-C0A5-498D-8C29-61E452E5683E}.Release|Any CPU.ActiveCfg = Release|Any CPU
		{B4475401-C0A5-498D-8C29-61E452E5683E}.Release|Any CPU.Build.0 = Release|Any CPU
		{0F60DCCD-EB7B-4A1D-A08D-29BB11F4B6D0}.Debug|Any CPU.ActiveCfg = Debug|Any CPU
		{0F60DCCD-EB7B-4A1D-A08D-29BB11F4B6D0}.Debug|Any CPU.Build.0 = Debug|Any CPU
		{0F60DCCD-EB7B-4A1D-A08D-29BB11F4B6D0}.Release|Any CPU.ActiveCfg = Release|Any CPU
		{0F60DCCD-EB7B-4A1D-A08D-29BB11F4B6D0}.Release|Any CPU.Build.0 = Release|Any CPU
		{82CCFD6E-7E4F-47DA-A079-7EE996B03EA2}.Debug|Any CPU.ActiveCfg = Debug|Any CPU
		{82CCFD6E-7E4F-47DA-A079-7EE996B03EA2}.Debug|Any CPU.Build.0 = Debug|Any CPU
		{82CCFD6E-7E4F-47DA-A079-7EE996B03EA2}.Release|Any CPU.ActiveCfg = Release|Any CPU
		{82CCFD6E-7E4F-47DA-A079-7EE996B03EA2}.Release|Any CPU.Build.0 = Release|Any CPU
	EndGlobalSection
	GlobalSection(SolutionProperties) = preSolution
		HideSolutionNode = FALSE
	EndGlobalSection
	GlobalSection(ExtensibilityGlobals) = postSolution
		SolutionGuid = {2A95850D-9547-4D3B-8648-F2E6B3855750}
	EndGlobalSection
EndGlobal
